
Microsoft Visual Studio Solution File, Format Version 12.00
# Visual Studio 14
VisualStudioVersion = 14.0.25420.1
MinimumVisualStudioVersion = 10.0.40219.1
Project("{FAE04EC0-301F-11D3-BF4B-00C04F79EFBC}") = "DesignPatterns", "Design Patterns\DesignPatterns.csproj", "{0C9B27AE-C0D3-4C5D-86E7-C05FACD3B0FE}"
EndProject
Project("{FAE04EC0-301F-11D3-BF4B-00C04F79EFBC}") = "DesignPatternsTest", "DesignPatternsTest\DesignPatternsTest.csproj", "{13CC3F90-1F46-455C-874E-A4CCCCFF3A7C}"
EndProject
Global
	GlobalSection(SolutionConfigurationPlatforms) = preSolution
		Debug|Any CPU = Debug|Any CPU
		Release|Any CPU = Release|Any CPU
	EndGlobalSection
	GlobalSection(ProjectConfigurationPlatforms) = postSolution
		{0C9B27AE-C0D3-4C5D-86E7-C05FACD3B0FE}.Debug|Any CPU.ActiveCfg = Debug|Any CPU
		{0C9B27AE-C0D3-4C5D-86E7-C05FACD3B0FE}.Debug|Any CPU.Build.0 = Debug|Any CPU
		{0C9B27AE-C0D3-4C5D-86E7-C05FACD3B0FE}.Release|Any CPU.ActiveCfg = Release|Any CPU
		{0C9B27AE-C0D3-4C5D-86E7-C05FACD3B0FE}.Release|Any CPU.Build.0 = Release|Any CPU
		{13CC3F90-1F46-455C-874E-A4CCCCFF3A7C}.Debug|Any CPU.ActiveCfg = Debug|Any CPU
		{13CC3F90-1F46-455C-874E-A4CCCCFF3A7C}.Debug|Any CPU.Build.0 = Debug|Any CPU
		{13CC3F90-1F46-455C-874E-A4CCCCFF3A7C}.Release|Any CPU.ActiveCfg = Release|Any CPU
		{13CC3F90-1F46-455C-874E-A4CCCCFF3A7C}.Release|Any CPU.Build.0 = Release|Any CPU
	EndGlobalSection
	GlobalSection(SolutionProperties) = preSolution
		HideSolutionNode = FALSE
	EndGlobalSection
EndGlobal
